
Microsoft Visual Studio Solution File, Format Version 12.00
# Visual Studio Version 17
VisualStudioVersion = 17.0.32112.339
MinimumVisualStudioVersion = 10.0.40219.1
Project("{9A19103F-16F7-4668-BE54-9A1E7A4F7556}") = "SwaggerGen", "SwaggerGen.csproj", "{DD046EFB-3D82-4D64-A143-6BC218806BE9}"
EndProject
Project("{9A19103F-16F7-4668-BE54-9A1E7A4F7556}") = "WebApp", "..\src\WebApp\WebApp.csproj", "{EFB3DAA6-0533-48AC-8B1F-C45C58720416}"
EndProject
Project("{9A19103F-16F7-4668-BE54-9A1E7A4F7556}") = "IntegrationTests", "..\tests\IntegrationTests\IntegrationTests.csproj", "{C2F2B1FE-5C39-4BBA-862F-73AFDC9B4688}"
EndProject
Global
	GlobalSection(SolutionConfigurationPlatforms) = preSolution
		Debug|Any CPU = Debug|Any CPU
		Release|Any CPU = Release|Any CPU
	EndGlobalSection
	GlobalSection(ProjectConfigurationPlatforms) = postSolution
		{DD046EFB-3D82-4D64-A143-6BC218806BE9}.Debug|Any CPU.ActiveCfg = Debug|Any CPU
		{DD046EFB-3D82-4D64-A143-6BC218806BE9}.Debug|Any CPU.Build.0 = Debug|Any CPU
		{DD046EFB-3D82-4D64-A143-6BC218806BE9}.Release|Any CPU.ActiveCfg = Release|Any CPU
		{DD046EFB-3D82-4D64-A143-6BC218806BE9}.Release|Any CPU.Build.0 = Release|Any CPU
		{EFB3DAA6-0533-48AC-8B1F-C45C58720416}.Debug|Any CPU.ActiveCfg = Debug|Any CPU
		{EFB3DAA6-0533-48AC-8B1F-C45C58720416}.Debug|Any CPU.Build.0 = Debug|Any CPU
		{EFB3DAA6-0533-48AC-8B1F-C45C58720416}.Release|Any CPU.ActiveCfg = Release|Any CPU
		{EFB3DAA6-0533-48AC-8B1F-C45C58720416}.Release|Any CPU.Build.0 = Release|Any CPU
		{C2F2B1FE-5C39-4BBA-862F-73AFDC9B4688}.Debug|Any CPU.ActiveCfg = Debug|Any CPU
		{C2F2B1FE-5C39-4BBA-862F-73AFDC9B4688}.Debug|Any CPU.Build.0 = Debug|Any CPU
		{C2F2B1FE-5C39-4BBA-862F-73AFDC9B4688}.Release|Any CPU.ActiveCfg = Release|Any CPU
		{C2F2B1FE-5C39-4BBA-862F-73AFDC9B4688}.Release|Any CPU.Build.0 = Release|Any CPU
	EndGlobalSection
	GlobalSection(SolutionProperties) = preSolution
		HideSolutionNode = FALSE
	EndGlobalSection
	GlobalSection(ExtensibilityGlobals) = postSolution
		SolutionGuid = {55AF97D8-BD32-4545-91EA-1D33CBFA7E47}
	EndGlobalSection
EndGlobal
